
Microsoft Visual Studio Solution File, Format Version 12.00
# Visual Studio Version 16
VisualStudioVersion = 16.0.29806.167
MinimumVisualStudioVersion = 10.0.40219.1
Project("{9A19103F-16F7-4668-BE54-9A1E7A4F7556}") = "BusinessRulesEngine", "BusinessRulesEngine\BusinessRulesEngine.csproj", "{E1917D45-20C5-442B-84C1-35C4ED43736C}"
EndProject
Project("{FAE04EC0-301F-11D3-BF4B-00C04F79EFBC}") = "Test", "Test\Test.csproj", "{86390F26-271A-4118-9A52-CE22076E93DE}"
EndProject
Global
	GlobalSection(SolutionConfigurationPlatforms) = preSolution
		Debug|Any CPU = Debug|Any CPU
		Release|Any CPU = Release|Any CPU
	EndGlobalSection
	GlobalSection(ProjectConfigurationPlatforms) = postSolution
		{E1917D45-20C5-442B-84C1-35C4ED43736C}.Debug|Any CPU.ActiveCfg = Debug|Any CPU
		{E1917D45-20C5-442B-84C1-35C4ED43736C}.Debug|Any CPU.Build.0 = Debug|Any CPU
		{E1917D45-20C5-442B-84C1-35C4ED43736C}.Release|Any CPU.ActiveCfg = Release|Any CPU
		{E1917D45-20C5-442B-84C1-35C4ED43736C}.Release|Any CPU.Build.0 = Release|Any CPU
		{86390F26-271A-4118-9A52-CE22076E93DE}.Debug|Any CPU.ActiveCfg = Debug|Any CPU
		{86390F26-271A-4118-9A52-CE22076E93DE}.Debug|Any CPU.Build.0 = Debug|Any CPU
		{86390F26-271A-4118-9A52-CE22076E93DE}.Release|Any CPU.ActiveCfg = Release|Any CPU
		{86390F26-271A-4118-9A52-CE22076E93DE}.Release|Any CPU.Build.0 = Release|Any CPU
	EndGlobalSection
	GlobalSection(SolutionProperties) = preSolution
		HideSolutionNode = FALSE
	EndGlobalSection
	GlobalSection(ExtensibilityGlobals) = postSolution
		SolutionGuid = {8EC16D33-BDD9-4C7C-823E-A4BAB2A64485}
	EndGlobalSection
EndGlobal
